
Microsoft Visual Studio Solution File, Format Version 12.00
# Visual Studio 15
VisualStudioVersion = 15.0.28307.1169
MinimumVisualStudioVersion = 10.0.40219.1
Project("{8BC9CEB8-8B4A-11D0-8D11-00A0C91BC942}") = "Load_East_Model", "Load_East_Model\Load_East_Model.vcxproj", "{00F3B719-EFD0-4E58-9D9F-3D880B8D1D0B}"
EndProject
Global
	GlobalSection(SolutionConfigurationPlatforms) = preSolution
		Debug|x64 = Debug|x64
		Debug|x86 = Debug|x86
		Release|x64 = Release|x64
		Release|x86 = Release|x86
	EndGlobalSection
	GlobalSection(ProjectConfigurationPlatforms) = postSolution
		{00F3B719-EFD0-4E58-9D9F-3D880B8D1D0B}.Debug|x64.ActiveCfg = Debug|x64
		{00F3B719-EFD0-4E58-9D9F-3D880B8D1D0B}.Debug|x64.Build.0 = Debug|x64
		{00F3B719-EFD0-4E58-9D9F-3D880B8D1D0B}.Debug|x86.ActiveCfg = Debug|Win32
		{00F3B719-EFD0-4E58-9D9F-3D880B8D1D0B}.Debug|x86.Build.0 = Debug|Win32
		{00F3B719-EFD0-4E58-9D9F-3D880B8D1D0B}.Release|x64.ActiveCfg = Release|x64
		{00F3B719-EFD0-4E58-9D9F-3D880B8D1D0B}.Release|x64.Build.0 = Release|x64
		{00F3B719-EFD0-4E58-9D9F-3D880B8D1D0B}.Release|x86.ActiveCfg = Release|Win32
		{00F3B719-EFD0-4E58-9D9F-3D880B8D1D0B}.Release|x86.Build.0 = Release|Win32
	EndGlobalSection
	GlobalSection(SolutionProperties) = preSolution
		HideSolutionNode = FALSE
	EndGlobalSection
	GlobalSection(ExtensibilityGlobals) = postSolution
		SolutionGuid = {C2EA1CEA-A9A8-46C9-B942-3A9F0E4B6DAC}
	EndGlobalSection
EndGlobal
